// !$*UTF8*$!
{
	archiveVersion = 1;
	classes = {
	};
	objectVersion = 50;
	objects = {

/* Begin PBXBuildFile section */
		2A3E434C22C2B5F90061B5B9 /* AppDelegate.swift in Sources */ = {isa = PBXBuildFile; fileRef = 2A3E434B22C2B5F90061B5B9 /* AppDelegate.swift */; };
		2A3E434E22C2B5F90061B5B9 /* SceneDelegate.swift in Sources */ = {isa = PBXBuildFile; fileRef = 2A3E434D22C2B5F90061B5B9 /* SceneDelegate.swift */; };
		2A3E435022C2B5F90061B5B9 /* ContentView.swift in Sources */ = {isa = PBXBuildFile; fileRef = 2A3E434F22C2B5F90061B5B9 /* ContentView.swift */; };
		2A3E435222C2B5FA0061B5B9 /* Assets.xcassets in Resources */ = {isa = PBXBuildFile; fileRef = 2A3E435122C2B5FA0061B5B9 /* Assets.xcassets */; };
		2A3E435522C2B5FA0061B5B9 /* Preview Assets.xcassets in Resources */ = {isa = PBXBuildFile; fileRef = 2A3E435422C2B5FA0061B5B9 /* Preview Assets.xcassets */; };
		2A3E435822C2B5FA0061B5B9 /* LaunchScreen.storyboard in Resources */ = {isa = PBXBuildFile; fileRef = 2A3E435622C2B5FA0061B5B9 /* LaunchScreen.storyboard */; };
		2A3E436322C2B5FA0061B5B9 /* SeatingGuideTests.swift in Sources */ = {isa = PBXBuildFile; fileRef = 2A3E436222C2B5FA0061B5B9 /* SeatingGuideTests.swift */; };
		2A3E436E22C2B5FA0061B5B9 /* SeatingGuideUITests.swift in Sources */ = {isa = PBXBuildFile; fileRef = 2A3E436D22C2B5FA0061B5B9 /* SeatingGuideUITests.swift */; };
/* End PBXBuildFile section */

/* Begin PBXContainerItemProxy section */
		2A3E435F22C2B5FA0061B5B9 /* PBXContainerItemProxy */ = {
			isa = PBXContainerItemProxy;
			containerPortal = 2A3E434022C2B5F90061B5B9 /* Project object */;
			proxyType = 1;
			remoteGlobalIDString = 2A3E434722C2B5F90061B5B9;
			remoteInfo = SeatingGuide;
		};
		2A3E436A22C2B5FA0061B5B9 /* PBXContainerItemProxy */ = {
			isa = PBXContainerItemProxy;
			containerPortal = 2A3E434022C2B5F90061B5B9 /* Project object */;
			proxyType = 1;
			remoteGlobalIDString = 2A3E434722C2B5F90061B5B9;
			remoteInfo = SeatingGuide;
		};
/* End PBXContainerItemProxy section */

/* Begin PBXFileReference section */
		2A3E434822C2B5F90061B5B9 /* SeatingGuide.app */ = {isa = PBXFileReference; explicitFileType = wrapper.application; includeInIndex = 0; path = SeatingGuide.app; sourceTree = BUILT_PRODUCTS_DIR; };
		2A3E434B22C2B5F90061B5B9 /* AppDelegate.swift */ = {isa = PBXFileReference; lastKnownFileType = sourcecode.swift; path = AppDelegate.swift; sourceTree = "<group>"; };
		2A3E434D22C2B5F90061B5B9 /* SceneDelegate.swift */ = {isa = PBXFileReference; lastKnownFileType = sourcecode.swift; path = SceneDelegate.swift; sourceTree = "<group>"; };
		2A3E434F22C2B5F90061B5B9 /* ContentView.swift */ = {isa = PBXFileReference; lastKnownFileType = sourcecode.swift; path = ContentView.swift; sourceTree = "<group>"; };
		2A3E435122C2B5FA0061B5B9 /* Assets.xcassets */ = {isa = PBXFileReference; lastKnownFileType = folder.assetcatalog; path = Assets.xcassets; sourceTree = "<group>"; };
		2A3E435422C2B5FA0061B5B9 /* Preview Assets.xcassets */ = {isa = PBXFileReference; lastKnownFileType = folder.assetcatalog; path = "Preview Assets.xcassets"; sourceTree = "<group>"; };
		2A3E435722C2B5FA0061B5B9 /* Base */ = {isa = PBXFileReference; lastKnownFileType = file.storyboard; name = Base; path = Base.lproj/LaunchScreen.storyboard; sourceTree = "<group>"; };
		2A3E435922C2B5FA0061B5B9 /* Info.plist */ = {isa = PBXFileReference; lastKnownFileType = text.plist.xml; path = Info.plist; sourceTree = "<group>"; };
		2A3E435E22C2B5FA0061B5B9 /* SeatingGuideTests.xctest */ = {isa = PBXFileReference; explicitFileType = wrapper.cfbundle; includeInIndex = 0; path = SeatingGuideTests.xctest; sourceTree = BUILT_PRODUCTS_DIR; };
		2A3E436222C2B5FA0061B5B9 /* SeatingGuideTests.swift */ = {isa = PBXFileReference; lastKnownFileType = sourcecode.swift; path = SeatingGuideTests.swift; sourceTree = "<group>"; };
		2A3E436422C2B5FA0061B5B9 /* Info.plist */ = {isa = PBXFileReference; lastKnownFileType = text.plist.xml; path = Info.plist; sourceTree = "<group>"; };
		2A3E436922C2B5FA0061B5B9 /* SeatingGuideUITests.xctest */ = {isa = PBXFileReference; explicitFileType = wrapper.cfbundle; includeInIndex = 0; path = SeatingGuideUITests.xctest; sourceTree = BUILT_PRODUCTS_DIR; };
		2A3E436D22C2B5FA0061B5B9 /* SeatingGuideUITests.swift */ = {isa = PBXFileReference; lastKnownFileType = sourcecode.swift; path = SeatingGuideUITests.swift; sourceTree = "<group>"; };
		2A3E436F22C2B5FA0061B5B9 /* Info.plist */ = {isa = PBXFileReference; lastKnownFileType = text.plist.xml; path = Info.plist; sourceTree = "<group>"; };
		2A3E437B22C2C1480061B5B9 /* MyPlayground.playground */ = {isa = PBXFileReference; lastKnownFileType = file.playground; path = MyPlayground.playground; sourceTree = "<group>"; xcLanguageSpecificationIdentifier = xcode.lang.swift; };
/* End PBXFileReference section */

/* Begin PBXFrameworksBuildPhase section */
		2A3E434522C2B5F90061B5B9 /* Frameworks */ = {
			isa = PBXFrameworksBuildPhase;
			buildActionMask = 2147483647;
			files = (
			);
			runOnlyForDeploymentPostprocessing = 0;
		};
		2A3E435B22C2B5FA0061B5B9 /* Frameworks */ = {
			isa = PBXFrameworksBuildPhase;
			buildActionMask = 2147483647;
			files = (
			);
			runOnlyForDeploymentPostprocessing = 0;
		};
		2A3E436622C2B5FA0061B5B9 /* Frameworks */ = {
			isa = PBXFrameworksBuildPhase;
			buildActionMask = 2147483647;
			files = (
			);
			runOnlyForDeploymentPostprocessing = 0;
		};
/* End PBXFrameworksBuildPhase section */

/* Begin PBXGroup section */
		2A3E433F22C2B5F90061B5B9 = {
			isa = PBXGroup;
			children = (
				2A3E434A22C2B5F90061B5B9 /* SeatingGuide */,
				2A3E436122C2B5FA0061B5B9 /* SeatingGuideTests */,
				2A3E436C22C2B5FA0061B5B9 /* SeatingGuideUITests */,
				2A3E434922C2B5F90061B5B9 /* Products */,
			);
			sourceTree = "<group>";
		};
		2A3E434922C2B5F90061B5B9 /* Products */ = {
			isa = PBXGroup;
			children = (
				2A3E434822C2B5F90061B5B9 /* SeatingGuide.app */,
				2A3E435E22C2B5FA0061B5B9 /* SeatingGuideTests.xctest */,
				2A3E436922C2B5FA0061B5B9 /* SeatingGuideUITests.xctest */,
			);
			name = Products;
			sourceTree = "<group>";
		};
		2A3E434A22C2B5F90061B5B9 /* SeatingGuide */ = {
			isa = PBXGroup;
			children = (
				2A3E434B22C2B5F90061B5B9 /* AppDelegate.swift */,
				2A3E434D22C2B5F90061B5B9 /* SceneDelegate.swift */,
				2A3E434F22C2B5F90061B5B9 /* ContentView.swift */,
				2A3E437B22C2C1480061B5B9 /* MyPlayground.playground */,
				2A3E435122C2B5FA0061B5B9 /* Assets.xcassets */,
				2A3E435622C2B5FA0061B5B9 /* LaunchScreen.storyboard */,
				2A3E435922C2B5FA0061B5B9 /* Info.plist */,
				2A3E435322C2B5FA0061B5B9 /* Preview Content */,
			);
			path = SeatingGuide;
			sourceTree = "<group>";
		};
		2A3E435322C2B5FA0061B5B9 /* Preview Content */ = {
			isa = PBXGroup;
			children = (
				2A3E435422C2B5FA0061B5B9 /* Preview Assets.xcassets */,
			);
			path = "Preview Content";
			sourceTree = "<group>";
		};
		2A3E436122C2B5FA0061B5B9 /* SeatingGuideTests */ = {
			isa = PBXGroup;
			children = (
				2A3E436222C2B5FA0061B5B9 /* SeatingGuideTests.swift */,
				2A3E436422C2B5FA0061B5B9 /* Info.plist */,
			);
			path = SeatingGuideTests;
			sourceTree = "<group>";
		};
		2A3E436C22C2B5FA0061B5B9 /* SeatingGuideUITests */ = {
			isa = PBXGroup;
			children = (
				2A3E436D22C2B5FA0061B5B9 /* SeatingGuideUITests.swift */,
				2A3E436F22C2B5FA0061B5B9 /* Info.plist */,
			);
			path = SeatingGuideUITests;
			sourceTree = "<group>";
		};
/* End PBXGroup section */

/* Begin PBXNativeTarget section */
		2A3E434722C2B5F90061B5B9 /* SeatingGuide */ = {
			isa = PBXNativeTarget;
			buildConfigurationList = 2A3E437222C2B5FA0061B5B9 /* Build configuration list for PBXNativeTarget "SeatingGuide" */;
			buildPhases = (
				2A3E434422C2B5F90061B5B9 /* Sources */,
				2A3E434522C2B5F90061B5B9 /* Frameworks */,
				2A3E434622C2B5F90061B5B9 /* Resources */,
			);
			buildRules = (
			);
			dependencies = (
			);
			name = SeatingGuide;
			productName = SeatingGuide;
			productReference = 2A3E434822C2B5F90061B5B9 /* SeatingGuide.app */;
			productType = "com.apple.product-type.application";
		};
		2A3E435D22C2B5FA0061B5B9 /* SeatingGuideTests */ = {
			isa = PBXNativeTarget;
			buildConfigurationList = 2A3E437522C2B5FA0061B5B9 /* Build configuration list for PBXNativeTarget "SeatingGuideTests" */;
			buildPhases = (
				2A3E435A22C2B5FA0061B5B9 /* Sources */,
				2A3E435B22C2B5FA0061B5B9 /* Frameworks */,
				2A3E435C22C2B5FA0061B5B9 /* Resources */,
			);
			buildRules = (
			);
			dependencies = (
				2A3E436022C2B5FA0061B5B9 /* PBXTargetDependency */,
			);
			name = SeatingGuideTests;
			productName = SeatingGuideTests;
			productReference = 2A3E435E22C2B5FA0061B5B9 /* SeatingGuideTests.xctest */;
			productType = "com.apple.product-type.bundle.unit-test";
		};
		2A3E436822C2B5FA0061B5B9 /* SeatingGuideUITests */ = {
			isa = PBXNativeTarget;
			buildConfigurationList = 2A3E437822C2B5FA0061B5B9 /* Build configuration list for PBXNativeTarget "SeatingGuideUITests" */;
			buildPhases = (
				2A3E436522C2B5FA0061B5B9 /* Sources */,
				2A3E436622C2B5FA0061B5B9 /* Frameworks */,
				2A3E436722C2B5FA0061B5B9 /* Resources */,
			);
			buildRules = (
			);
			dependencies = (
				2A3E436B22C2B5FA0061B5B9 /* PBXTargetDependency */,
			);
			name = SeatingGuideUITests;
			productName = SeatingGuideUITests;
			productReference = 2A3E436922C2B5FA0061B5B9 /* SeatingGuideUITests.xctest */;
			productType = "com.apple.product-type.bundle.ui-testing";
		};
/* End PBXNativeTarget section */

/* Begin PBXProject section */
		2A3E434022C2B5F90061B5B9 /* Project object */ = {
			isa = PBXProject;
			attributes = {
				LastSwiftUpdateCheck = 1100;
				LastUpgradeCheck = 1100;
				ORGANIZATIONNAME = "Igor Malyarov";
				TargetAttributes = {
					2A3E434722C2B5F90061B5B9 = {
						CreatedOnToolsVersion = 11.0;
					};
					2A3E435D22C2B5FA0061B5B9 = {
						CreatedOnToolsVersion = 11.0;
						TestTargetID = 2A3E434722C2B5F90061B5B9;
					};
					2A3E436822C2B5FA0061B5B9 = {
						CreatedOnToolsVersion = 11.0;
						TestTargetID = 2A3E434722C2B5F90061B5B9;
					};
				};
			};
			buildConfigurationList = 2A3E434322C2B5F90061B5B9 /* Build configuration list for PBXProject "SeatingGuide" */;
			compatibilityVersion = "Xcode 9.3";
			developmentRegion = en;
			hasScannedForEncodings = 0;
			knownRegions = (
				en,
				Base,
			);
			mainGroup = 2A3E433F22C2B5F90061B5B9;
			productRefGroup = 2A3E434922C2B5F90061B5B9 /* Products */;
			projectDirPath = "";
			projectRoot = "";
			targets = (
				2A3E434722C2B5F90061B5B9 /* SeatingGuide */,
				2A3E435D22C2B5FA0061B5B9 /* SeatingGuideTests */,
				2A3E436822C2B5FA0061B5B9 /* SeatingGuideUITests */,
			);
		};
/* End PBXProject section */

/* Begin PBXResourcesBuildPhase section */
		2A3E434622C2B5F90061B5B9 /* Resources */ = {
			isa = PBXResourcesBuildPhase;
			buildActionMask = 2147483647;
			files = (
				2A3E435822C2B5FA0061B5B9 /* LaunchScreen.storyboard in Resources */,
				2A3E435522C2B5FA0061B5B9 /* Preview Assets.xcassets in Resources */,
				2A3E435222C2B5FA0061B5B9 /* Assets.xcassets in Resources */,
			);
			runOnlyForDeploymentPostprocessing = 0;
		};
		2A3E435C22C2B5FA0061B5B9 /* Resources */ = {
			isa = PBXResourcesBuildPhase;
			buildActionMask = 2147483647;
			files = (
			);
			runOnlyForDeploymentPostprocessing = 0;
		};
		2A3E436722C2B5FA0061B5B9 /* Resources */ = {
			isa = PBXResourcesBuildPhase;
			buildActionMask = 2147483647;
			files = (
			);
			runOnlyForDeploymentPostprocessing = 0;
		};
/* End PBXResourcesBuildPhase section */

/* Begin PBXSourcesBuildPhase section */
		2A3E434422C2B5F90061B5B9 /* Sources */ = {
			isa = PBXSourcesBuildPhase;
			buildActionMask = 2147483647;
			files = (
				2A3E434C22C2B5F90061B5B9 /* AppDelegate.swift in Sources */,
				2A3E434E22C2B5F90061B5B9 /* SceneDelegate.swift in Sources */,
				2A3E435022C2B5F90061B5B9 /* ContentView.swift in Sources */,
			);
			runOnlyForDeploymentPostprocessing = 0;
		};
		2A3E435A22C2B5FA0061B5B9 /* Sources */ = {
			isa = PBXSourcesBuildPhase;
			buildActionMask = 2147483647;
			files = (
				2A3E436322C2B5FA0061B5B9 /* SeatingGuideTests.swift in Sources */,
			);
			runOnlyForDeploymentPostprocessing = 0;
		};
		2A3E436522C2B5FA0061B5B9 /* Sources */ = {
			isa = PBXSourcesBuildPhase;
			buildActionMask = 2147483647;
			files = (
				2A3E436E22C2B5FA0061B5B9 /* SeatingGuideUITests.swift in Sources */,
			);
			runOnlyForDeploymentPostprocessing = 0;
		};
/* End PBXSourcesBuildPhase section */

/* Begin PBXTargetDependency section */
		2A3E436022C2B5FA0061B5B9 /* PBXTargetDependency */ = {
			isa = PBXTargetDependency;
			target = 2A3E434722C2B5F90061B5B9 /* SeatingGuide */;
			targetProxy = 2A3E435F22C2B5FA0061B5B9 /* PBXContainerItemProxy */;
		};
		2A3E436B22C2B5FA0061B5B9 /* PBXTargetDependency */ = {
			isa = PBXTargetDependency;
			target = 2A3E434722C2B5F90061B5B9 /* SeatingGuide */;
			targetProxy = 2A3E436A22C2B5FA0061B5B9 /* PBXContainerItemProxy */;
		};
/* End PBXTargetDependency section */

/* Begin PBXVariantGroup section */
		2A3E435622C2B5FA0061B5B9 /* LaunchScreen.storyboard */ = {
			isa = PBXVariantGroup;
			children = (
				2A3E435722C2B5FA0061B5B9 /* Base */,
			);
			name = LaunchScreen.storyboard;
			sourceTree = "<group>";
		};
/* End PBXVariantGroup section */

/* Begin XCBuildConfiguration section */
		2A3E437022C2B5FA0061B5B9 /* Debug */ = {
			isa = XCBuildConfiguration;
			buildSettings = {
				ALWAYS_SEARCH_USER_PATHS = NO;
				CLANG_ANALYZER_NONNULL = YES;
				CLANG_ANALYZER_NUMBER_OBJECT_CONVERSION = YES_AGGRESSIVE;
				CLANG_CXX_LANGUAGE_STANDARD = "gnu++14";
				CLANG_CXX_LIBRARY = "libc++";
				CLANG_ENABLE_MODULES = YES;
				CLANG_ENABLE_OBJC_ARC = YES;
				CLANG_ENABLE_OBJC_WEAK = YES;
				CLANG_WARN_BLOCK_CAPTURE_AUTORELEASING = YES;
				CLANG_WARN_BOOL_CONVERSION = YES;
				CLANG_WARN_COMMA = YES;
				CLANG_WARN_CONSTANT_CONVERSION = YES;
				CLANG_WARN_DEPRECATED_OBJC_IMPLEMENTATIONS = YES;
				CLANG_WARN_DIRECT_OBJC_ISA_USAGE = YES_ERROR;
				CLANG_WARN_DOCUMENTATION_COMMENTS = YES;
				CLANG_WARN_EMPTY_BODY = YES;
				CLANG_WARN_ENUM_CONVERSION = YES;
				CLANG_WARN_INFINITE_RECURSION = YES;
				CLANG_WARN_INT_CONVERSION = YES;
				CLANG_WARN_NON_LITERAL_NULL_CONVERSION = YES;
				CLANG_WARN_OBJC_IMPLICIT_RETAIN_SELF = YES;
				CLANG_WARN_OBJC_LITERAL_CONVERSION = YES;
				CLANG_WARN_OBJC_ROOT_CLASS = YES_ERROR;
				CLANG_WARN_RANGE_LOOP_ANALYSIS = YES;
				CLANG_WARN_STRICT_PROTOTYPES = YES;
				CLANG_WARN_SUSPICIOUS_MOVE = YES;
				CLANG_WARN_UNGUARDED_AVAILABILITY = YES_AGGRESSIVE;
				CLANG_WARN_UNREACHABLE_CODE = YES;
				CLANG_WARN__DUPLICATE_METHOD_MATCH = YES;
				COPY_PHASE_STRIP = NO;
				DEBUG_INFORMATION_FORMAT = dwarf;
				ENABLE_STRICT_OBJC_MSGSEND = YES;
				ENABLE_TESTABILITY = YES;
				GCC_C_LANGUAGE_STANDARD = gnu11;
				GCC_DYNAMIC_NO_PIC = NO;
				GCC_NO_COMMON_BLOCKS = YES;
				GCC_OPTIMIZATION_LEVEL = 0;
				GCC_PREPROCESSOR_DEFINITIONS = (
					"DEBUG=1",
					"$(inherited)",
				);
				GCC_WARN_64_TO_32_BIT_CONVERSION = YES;
				GCC_WARN_ABOUT_RETURN_TYPE = YES_ERROR;
				GCC_WARN_UNDECLARED_SELECTOR = YES;
				GCC_WARN_UNINITIALIZED_AUTOS = YES_AGGRESSIVE;
				GCC_WARN_UNUSED_FUNCTION = YES;
				GCC_WARN_UNUSED_VARIABLE = YES;
				IPHONEOS_DEPLOYMENT_TARGET = 13.0;
				MTL_ENABLE_DEBUG_INFO = INCLUDE_SOURCE;
				MTL_FAST_MATH = YES;
				ONLY_ACTIVE_ARCH = YES;
				SDKROOT = iphoneos;
				SWIFT_ACTIVE_COMPILATION_CONDITIONS = DEBUG;
				SWIFT_OPTIMIZATION_LEVEL = "-Onone";
			};
			name = Debug;
		};
		2A3E437122C2B5FA0061B5B9 /* Release */ = {
			isa = XCBuildConfiguration;
			buildSettings = {
				ALWAYS_SEARCH_USER_PATHS = NO;
				CLANG_ANALYZER_NONNULL = YES;
				CLANG_ANALYZER_NUMBER_OBJECT_CONVERSION = YES_AGGRESSIVE;
				CLANG_CXX_LANGUAGE_STANDARD = "gnu++14";
				CLANG_CXX_LIBRARY = "libc++";
				CLANG_ENABLE_MODULES = YES;
				CLANG_ENABLE_OBJC_ARC = YES;
				CLANG_ENABLE_OBJC_WEAK = YES;
				CLANG_WARN_BLOCK_CAPTURE_AUTORELEASING = YES;
				CLANG_WARN_BOOL_CONVERSION = YES;
				CLANG_WARN_COMMA = YES;
				CLANG_WARN_CONSTANT_CONVERSION = YES;
				CLANG_WARN_DEPRECATED_OBJC_IMPLEMENTATIONS = YES;
				CLANG_WARN_DIRECT_OBJC_ISA_USAGE = YES_ERROR;
				CLANG_WARN_DOCUMENTATION_COMMENTS = YES;
				CLANG_WARN_EMPTY_BODY = YES;
				CLANG_WARN_ENUM_CONVERSION = YES;
				CLANG_WARN_INFINITE_RECURSION = YES;
				CLANG_WARN_INT_CONVERSION = YES;
				CLANG_WARN_NON_LITERAL_NULL_CONVERSION = YES;
				CLANG_WARN_OBJC_IMPLICIT_RETAIN_SELF = YES;
				CLANG_WARN_OBJC_LITERAL_CONVERSION = YES;
				CLANG_WARN_OBJC_ROOT_CLASS = YES_ERROR;
				CLANG_WARN_RANGE_LOOP_ANALYSIS = YES;
				CLANG_WARN_STRICT_PROTOTYPES = YES;
				CLANG_WARN_SUSPICIOUS_MOVE = YES;
				CLANG_WARN_UNGUARDED_AVAILABILITY = YES_AGGRESSIVE;
				CLANG_WARN_UNREACHABLE_CODE = YES;
				CLANG_WARN__DUPLICATE_METHOD_MATCH = YES;
				COPY_PHASE_STRIP = NO;
				DEBUG_INFORMATION_FORMAT = "dwarf-with-dsym";
				ENABLE_NS_ASSERTIONS = NO;
				ENABLE_STRICT_OBJC_MSGSEND = YES;
				GCC_C_LANGUAGE_STANDARD = gnu11;
				GCC_NO_COMMON_BLOCKS = YES;
				GCC_WARN_64_TO_32_BIT_CONVERSION = YES;
				GCC_WARN_ABOUT_RETURN_TYPE = YES_ERROR;
				GCC_WARN_UNDECLARED_SELECTOR = YES;
				GCC_WARN_UNINITIALIZED_AUTOS = YES_AGGRESSIVE;
				GCC_WARN_UNUSED_FUNCTION = YES;
				GCC_WARN_UNUSED_VARIABLE = YES;
				IPHONEOS_DEPLOYMENT_TARGET = 13.0;
				MTL_ENABLE_DEBUG_INFO = NO;
				MTL_FAST_MATH = YES;
				SDKROOT = iphoneos;
				SWIFT_COMPILATION_MODE = wholemodule;
				SWIFT_OPTIMIZATION_LEVEL = "-O";
				VALIDATE_PRODUCT = YES;
			};
			name = Release;
		};
		2A3E437322C2B5FA0061B5B9 /* Debug */ = {
			isa = XCBuildConfiguration;
			buildSettings = {
				ASSETCATALOG_COMPILER_APPICON_NAME = AppIcon;
				CODE_SIGN_STYLE = Automatic;
				DEVELOPMENT_ASSET_PATHS = "SeatingGuide/Preview\\ Content";
				DEVELOPMENT_TEAM = VRVJ9YNRQU;
				ENABLE_PREVIEWS = YES;
				INFOPLIST_FILE = SeatingGuide/Info.plist;
				LD_RUNPATH_SEARCH_PATHS = (
					"$(inherited)",
					"@executable_path/Frameworks",
				);
				PRODUCT_BUNDLE_IDENTIFIER = com.photoigor.SeatingGuide;
				PRODUCT_NAME = "$(TARGET_NAME)";
				SWIFT_VERSION = 5.0;
				TARGETED_DEVICE_FAMILY = "1,2";
			};
			name = Debug;
		};
		2A3E437422C2B5FA0061B5B9 /* Release */ = {
			isa = XCBuildConfiguration;
			buildSettings = {
				ASSETCATALOG_COMPILER_APPICON_NAME = AppIcon;
				CODE_SIGN_STYLE = Automatic;
				DEVELOPMENT_ASSET_PATHS = "SeatingGuide/Preview\\ Content";
				DEVELOPMENT_TEAM = VRVJ9YNRQU;
				ENABLE_PREVIEWS = YES;
				INFOPLIST_FILE = SeatingGuide/Info.plist;
				LD_RUNPATH_SEARCH_PATHS = (
					"$(inherited)",
					"@executable_path/Frameworks",
				);
				PRODUCT_BUNDLE_IDENTIFIER = com.photoigor.SeatingGuide;
				PRODUCT_NAME = "$(TARGET_NAME)";
				SWIFT_VERSION = 5.0;
				TARGETED_DEVICE_FAMILY = "1,2";
			};
			name = Release;
		};
		2A3E437622C2B5FA0061B5B9 /* Debug */ = {
			isa = XCBuildConfiguration;
			buildSettings = {
				ALWAYS_EMBED_SWIFT_STANDARD_LIBRARIES = YES;
				BUNDLE_LOADER = "$(TEST_HOST)";
				CODE_SIGN_STYLE = Automatic;
				DEVELOPMENT_TEAM = VRVJ9YNRQU;
				INFOPLIST_FILE = SeatingGuideTests/Info.plist;
				LD_RUNPATH_SEARCH_PATHS = (
					"$(inherited)",
					"@executable_path/Frameworks",
					"@loader_path/Frameworks",
				);
				PRODUCT_BUNDLE_IDENTIFIER = com.photoigor.SeatingGuideTests;
				PRODUCT_NAME = "$(TARGET_NAME)";
				SWIFT_VERSION = 5.0;
				TARGETED_DEVICE_FAMILY = "1,2";
				TEST_HOST = "$(BUILT_PRODUCTS_DIR)/SeatingGuide.app/SeatingGuide";
			};
			name = Debug;
		};
		2A3E437722C2B5FA0061B5B9 /* Release */ = {
			isa = XCBuildConfiguration;
			buildSettings = {
				ALWAYS_EMBED_SWIFT_STANDARD_LIBRARIES = YES;
				BUNDLE_LOADER = "$(TEST_HOST)";
				CODE_SIGN_STYLE = Automatic;
				DEVELOPMENT_TEAM = VRVJ9YNRQU;
				INFOPLIST_FILE = SeatingGuideTests/Info.plist;
				LD_RUNPATH_SEARCH_PATHS = (
					"$(inherited)",
					"@executable_path/Frameworks",
					"@loader_path/Frameworks",
				);
				PRODUCT_BUNDLE_IDENTIFIER = com.photoigor.SeatingGuideTests;
				PRODUCT_NAME = "$(TARGET_NAME)";
				SWIFT_VERSION = 5.0;
				TARGETED_DEVICE_FAMILY = "1,2";
				TEST_HOST = "$(BUILT_PRODUCTS_DIR)/SeatingGuide.app/SeatingGuide";
			};
			name = Release;
		};
		2A3E437922C2B5FA0061B5B9 /* Debug */ = {
			isa = XCBuildConfiguration;
			buildSettings = {
				ALWAYS_EMBED_SWIFT_STANDARD_LIBRARIES = YES;
				CODE_SIGN_STYLE = Automatic;
				DEVELOPMENT_TEAM = VRVJ9YNRQU;
				INFOPLIST_FILE = SeatingGuideUITests/Info.plist;
				LD_RUNPATH_SEARCH_PATHS = (
					"$(inherited)",
					"@executable_path/Frameworks",
					"@loader_path/Frameworks",
				);
				PRODUCT_BUNDLE_IDENTIFIER = com.photoigor.SeatingGuideUITests;
				PRODUCT_NAME = "$(TARGET_NAME)";
				SWIFT_VERSION = 5.0;
				TARGETED_DEVICE_FAMILY = "1,2";
				TEST_TARGET_NAME = SeatingGuide;
			};
			name = Debug;
		};
		2A3E437A22C2B5FA0061B5B9 /* Release */ = {
			isa = XCBuildConfiguration;
			buildSettings = {
				ALWAYS_EMBED_SWIFT_STANDARD_LIBRARIES = YES;
				CODE_SIGN_STYLE = Automatic;
				DEVELOPMENT_TEAM = VRVJ9YNRQU;
				INFOPLIST_FILE = SeatingGuideUITests/Info.plist;
				LD_RUNPATH_SEARCH_PATHS = (
					"$(inherited)",
					"@executable_path/Frameworks",
					"@loader_path/Frameworks",
				);
				PRODUCT_BUNDLE_IDENTIFIER = com.photoigor.SeatingGuideUITests;
				PRODUCT_NAME = "$(TARGET_NAME)";
				SWIFT_VERSION = 5.0;
				TARGETED_DEVICE_FAMILY = "1,2";
				TEST_TARGET_NAME = SeatingGuide;
			};
			name = Release;
		};
/* End XCBuildConfiguration section */

/* Begin XCConfigurationList section */
		2A3E434322C2B5F90061B5B9 /* Build configuration list for PBXProject "SeatingGuide" */ = {
			isa = XCConfigurationList;
			buildConfigurations = (
				2A3E437022C2B5FA0061B5B9 /* Debug */,
				2A3E437122C2B5FA0061B5B9 /* Release */,
			);
			defaultConfigurationIsVisible = 0;
			defaultConfigurationName = Release;
		};
		2A3E437222C2B5FA0061B5B9 /* Build configuration list for PBXNativeTarget "SeatingGuide" */ = {
			isa = XCConfigurationList;
			buildConfigurations = (
				2A3E437322C2B5FA0061B5B9 /* Debug */,
				2A3E437422C2B5FA0061B5B9 /* Release */,
			);
			defaultConfigurationIsVisible = 0;
			defaultConfigurationName = Release;
		};
		2A3E437522C2B5FA0061B5B9 /* Build configuration list for PBXNativeTarget "SeatingGuideTests" */ = {
			isa = XCConfigurationList;
			buildConfigurations = (
				2A3E437622C2B5FA0061B5B9 /* Debug */,
				2A3E437722C2B5FA0061B5B9 /* Release */,
			);
			defaultConfigurationIsVisible = 0;
			defaultConfigurationName = Release;
		};
		2A3E437822C2B5FA0061B5B9 /* Build configuration list for PBXNativeTarget "SeatingGuideUITests" */ = {
			isa = XCConfigurationList;
			buildConfigurations = (
				2A3E437922C2B5FA0061B5B9 /* Debug */,
				2A3E437A22C2B5FA0061B5B9 /* Release */,
			);
			defaultConfigurationIsVisible = 0;
			defaultConfigurationName = Release;
		};
/* End XCConfigurationList section */
	};
	rootObject = 2A3E434022C2B5F90061B5B9 /* Project object */;
}
